{
  "name": "ITSMDashboard_React",
  "lockfileVersion": 3,
  "requires": true,
  "packages": {
    "": {
      "devDependencies": {
        "@types/office-js": "^1.0.378"
      }
    },
    "node_modules/@types/office-js": {
      "version": "1.0.378",
      "resolved": "https://registry.npmjs.org/@types/office-js/-/office-js-1.0.378.tgz",
      "integrity": "sha512-maG1PI2DJZdvphuTB5IdPvjqI0mBaeEPF7Tky6pq5typ0FBPHSn/XUi6EFPkFvpon+yvj4vTdfkROq1KhNaAFg==",
      "dev": true
    }
  }
}
